
Microsoft Visual Studio Solution File, Format Version 12.00
# Visual Studio Version 17
VisualStudioVersion = 17.5.33424.131
MinimumVisualStudioVersion = 10.0.40219.1
Project("{FAE04EC0-301F-11D3-BF4B-00C04F79EFBC}") = "KeeperDbContext", "KeeperDbContext\KeeperDbContext.csproj", "{91E9D75D-E1B2-48A0-BE61-9F929CDA8A61}"
EndProject
Project("{FAE04EC0-301F-11D3-BF4B-00C04F79EFBC}") = "KeeperCore", "KeeperCore\KeeperCore.csproj", "{CC4E83C4-F3DF-40B8-B262-69F37C91F8DF}"
EndProject
Project("{FAE04EC0-301F-11D3-BF4B-00C04F79EFBC}") = "KeeperMain", "KeeperMain\KeeperMain.csproj", "{AC485EA9-844B-4339-B2F2-9EC32DF4D7BC}"
EndProject
Global
	GlobalSection(SolutionConfigurationPlatforms) = preSolution
		Debug|Any CPU = Debug|Any CPU
		Release|Any CPU = Release|Any CPU
	EndGlobalSection
	GlobalSection(ProjectConfigurationPlatforms) = postSolution
		{91E9D75D-E1B2-48A0-BE61-9F929CDA8A61}.Debug|Any CPU.ActiveCfg = Debug|Any CPU
		{91E9D75D-E1B2-48A0-BE61-9F929CDA8A61}.Debug|Any CPU.Build.0 = Debug|Any CPU
		{91E9D75D-E1B2-48A0-BE61-9F929CDA8A61}.Release|Any CPU.ActiveCfg = Release|Any CPU
		{91E9D75D-E1B2-48A0-BE61-9F929CDA8A61}.Release|Any CPU.Build.0 = Release|Any CPU
		{CC4E83C4-F3DF-40B8-B262-69F37C91F8DF}.Debug|Any CPU.ActiveCfg = Debug|Any CPU
		{CC4E83C4-F3DF-40B8-B262-69F37C91F8DF}.Debug|Any CPU.Build.0 = Debug|Any CPU
		{CC4E83C4-F3DF-40B8-B262-69F37C91F8DF}.Release|Any CPU.ActiveCfg = Release|Any CPU
		{CC4E83C4-F3DF-40B8-B262-69F37C91F8DF}.Release|Any CPU.Build.0 = Release|Any CPU
		{AC485EA9-844B-4339-B2F2-9EC32DF4D7BC}.Debug|Any CPU.ActiveCfg = Debug|Any CPU
		{AC485EA9-844B-4339-B2F2-9EC32DF4D7BC}.Debug|Any CPU.Build.0 = Debug|Any CPU
		{AC485EA9-844B-4339-B2F2-9EC32DF4D7BC}.Release|Any CPU.ActiveCfg = Release|Any CPU
		{AC485EA9-844B-4339-B2F2-9EC32DF4D7BC}.Release|Any CPU.Build.0 = Release|Any CPU
	EndGlobalSection
	GlobalSection(SolutionProperties) = preSolution
		HideSolutionNode = FALSE
	EndGlobalSection
	GlobalSection(ExtensibilityGlobals) = postSolution
		SolutionGuid = {A059BCBD-BE3A-41C8-B15D-98CCEDC191EF}
	EndGlobalSection
EndGlobal
